lockfileVersion: 5.3

importers:

  .:
    specifiers:
      '@types/react': ^17.0.5
    devDependencies:
      '@types/react': 17.0.5

  internal/cmd:
    specifiers:
      '@internal/ui': workspace:^0.0.0
      cac: '*'
      ink: '*'
      react: '*'
    dependencies:
      '@internal/ui': link:../ui
      cac: 6.7.3
      ink: 3.0.8_react@17.0.2
      react: 17.0.2

  internal/firebase:
    specifiers:
      firebase: ^9.0.0-beta.1
    dependencies:
      firebase: 9.0.0-beta.1

  internal/ui:
    specifiers:
      '@internal/firebase': workspace:^0.0.0
      cac: '*'
      ink: '*'
      ink-spinner: ^4.0.2
      ink-text-input: ^4.0.1
      react: '*'
    dependencies:
      '@internal/firebase': link:../firebase
      cac: 6.7.3
      ink: 3.0.8_react@17.0.2
      ink-spinner: 4.0.2_ink@3.0.8+react@17.0.2
      ink-text-input: 4.0.1_ink@3.0.8+react@17.0.2
      react: 17.0.2

  packages/cli:
    specifiers:
      '@internal/cmd': workspace:^0.0.0
      cac: ^6.7.3
      ink: ^3.0.8
      react: ^17.0.2
    dependencies:
      '@internal/cmd': link:../../internal/cmd
      cac: 6.7.3
      ink: 3.0.8_react@17.0.2
      react: 17.0.2

packages:

  /@firebase/analytics-compat/0.0.900-exp.894b5da5a_6781e254b07e8e70c2f06575d5ebc550:
    resolution: {integrity: sha512-WceCqszQxu0rBoGR9GqJQSI3Bhz6wLGBlJ+wPB0hswpYoOinZR7u/Oi9aS+mXAn5wKh5FvV6LHZpJQCPTQ70wg==}
    peerDependencies:
      '@firebase/app-compat': 0.0.900-exp.894b5da5a
    dependencies:
      '@firebase/analytics': 0.0.900-exp.894b5da5a_6fdbda69af13b37ed5ef59ff33f76d03
      '@firebase/analytics-types': 0.4.0
      '@firebase/app-compat': 0.0.900-exp.894b5da5a
      '@firebase/component': 0.4.1
      '@firebase/util': 1.0.0
      tslib: 2.2.0
    transitivePeerDependencies:
      - '@firebase/app'
    dev: false

  /@firebase/analytics-types/0.4.0:
    resolution: {integrity: sha512-Jj2xW+8+8XPfWGkv9HPv/uR+Qrmq37NPYT352wf7MvE9LrstpLVmFg3LqG6MCRr5miLAom5sen2gZ+iOhVDeRA==}
    dev: false

  /@firebase/analytics/0.0.900-exp.894b5da5a_6fdbda69af13b37ed5ef59ff33f76d03:
    resolution: {integrity: sha512-eECrPHZnn17n5SOv41zbvY5gETg6QYcFcAINgOekm0+uMRp1JciDOoGRtLFca6rR0dVII06zJh8mWyk6u+RCtQ==}
    peerDependencies:
      '@firebase/app': 0.0.900-exp.894b5da5a
    dependencies:
      '@firebase/app': 0.0.900-exp.894b5da5a
      '@firebase/component': 0.4.1
      '@firebase/installations': 0.0.900-exp.894b5da5a_6fdbda69af13b37ed5ef59ff33f76d03
      '@firebase/logger': 0.2.6
      '@firebase/util': 1.0.0
      tslib: 2.2.0
    dev: false

  /@firebase/app-compat/0.0.900-exp.894b5da5a:
    resolution: {integrity: sha512-DVo9xK2bC2RJccoWlzbH0wJZgapVJ/zS/F69e5d1PtXjxzdtLAJMtaeA2kTY7UV8aZf6sE7Ahd68RCPZD2fI+w==}
    dependencies:
      '@firebase/app': 0.0.900-exp.894b5da5a
      '@firebase/component': 0.4.1
      '@firebase/logger': 0.2.6
      '@firebase/util': 1.0.0
      dom-storage: 2.1.0
      tslib: 2.2.0
      xmlhttprequest: 1.8.0
    dev: false

  /@firebase/app-types/0.6.2:
    resolution: {integrity: sha512-2VXvq/K+n8XMdM4L2xy5bYp2ZXMawJXluUIDzUBvMthVR+lhxK4pfFiqr1mmDbv9ydXvEAuFsD+6DpcZuJcSSw==}
    dev: false

  /@firebase/app/0.0.900-exp.894b5da5a:
    resolution: {integrity: sha512-/xzLbH6349mBb+RCmXP8BkBA+wL+U3Rurb9dDGRrc3umMA3BJKTST/KSW5JJaixZ51Gil9vSF4g1ZQV0yYg9Yg==}
    dependencies:
      '@firebase/component': 0.4.1
      '@firebase/logger': 0.2.6
      '@firebase/util': 1.0.0
      tslib: 2.2.0
    dev: false

  /@firebase/auth-compat/0.0.900-exp.894b5da5a_6781e254b07e8e70c2f06575d5ebc550:
    resolution: {integrity: sha512-g56ZU8pn7pY0IYHSvET8My9Q7wp//2bgTLdU9IuHxvmUy7v8pdpAKnpPkBu/tlAMK5MoV5vsxB21JuQBXuRp8A==}
    peerDependencies:
      '@firebase/app-compat': 0.0.900-exp.894b5da5a
    dependencies:
      '@firebase/app-compat': 0.0.900-exp.894b5da5a
      '@firebase/auth': 0.0.900-exp.894b5da5a_6fdbda69af13b37ed5ef59ff33f76d03
      '@firebase/auth-types': 0.10.2_@firebase+util@1.0.0
      '@firebase/component': 0.4.1
      '@firebase/util': 1.0.0
      node-fetch: 2.6.1
      selenium-webdriver: 4.0.0-beta.3
      tslib: 2.2.0
    transitivePeerDependencies:
      - '@firebase/app'
      - '@firebase/app-types'
      - bufferutil
      - utf-8-validate
    dev: false

  /@firebase/auth-interop-types/0.1.5_@firebase+util@1.0.0:
    resolution: {integrity: sha512-88h74TMQ6wXChPA6h9Q3E1Jg6TkTHep2+k63OWg3s0ozyGVMeY+TTOti7PFPzq5RhszQPQOoCi59es4MaRvgCw==}
    peerDependencies:
      '@firebase/app-types': 0.x
      '@firebase/util': 0.x
    dependencies:
      '@firebase/util': 1.0.0
    dev: false

  /@firebase/auth-types/0.10.2_@firebase+util@1.0.0:
    resolution: {integrity: sha512-0GMWVWh5TBCYIQfVerxzDsuvhoFpK0++O9LtP3FWkwYo7EAxp6w0cftAg/8ntU1E5Wg56Ry0b6ti/YGP6g0jlg==}
    peerDependencies:
      '@firebase/app-types': 0.x
      '@firebase/util': 0.x
    dependencies:
      '@firebase/util': 1.0.0
    dev: false

  /@firebase/auth/0.0.900-exp.894b5da5a_6fdbda69af13b37ed5ef59ff33f76d03:
    resolution: {integrity: sha512-1z6+8GDqABujKRXeRBC4HdaTS/kn2A2k4wFxGn0YgaUJAnm3Znz4KSTqvg2mT82/GNnwBXhWgbjlmLt0vaVrvA==}
    peerDependencies:
      '@firebase/app': 0.0.900-exp.894b5da5a
    dependencies:
      '@firebase/app': 0.0.900-exp.894b5da5a
      '@firebase/component': 0.4.1
      '@firebase/logger': 0.2.6
      '@firebase/util': 1.0.0
      node-fetch: 2.6.1
      selenium-webdriver: 4.0.0-beta.1
      tslib: 2.2.0
    transitivePeerDependencies:
      - bufferutil
      - utf-8-validate
    dev: false

  /@firebase/component/0.4.1:
    resolution: {integrity: sha512-f0IbIsoe33QzOj554rmDL04PyeZX/nNZYOAwlTzKmHq/JoFN6YoySi+0ZLyCtFrnRgw6zNnR/POXKOdfljWqZA==}
    dependencies:
      '@firebase/util': 1.0.0
      tslib: 2.2.0
    dev: false

  /@firebase/database-compat/0.0.900-exp.894b5da5a_6fdbda69af13b37ed5ef59ff33f76d03:
    resolution: {integrity: sha512-j/RYAsQISl2/m3QiSiWD8aa+8ryhjhu1km/Ts/dVf36owUix0XQ6gvL4PD23JO/WuRqEXpjeULK4S175aJBn/A==}
    peerDependencies:
      '@firebase/app': 0.x
    dependencies:
      '@firebase/app': 0.0.900-exp.894b5da5a
      '@firebase/auth-interop-types': 0.1.5_@firebase+util@1.0.0
      '@firebase/component': 0.4.1
      '@firebase/database': 0.0.900-exp.894b5da5a_6fdbda69af13b37ed5ef59ff33f76d03
      '@firebase/database-types': 0.7.2
      '@firebase/logger': 0.2.6
      '@firebase/util': 1.0.0
      faye-websocket: 0.11.3
      tslib: 2.2.0
    transitivePeerDependencies:
      - '@firebase/app-types'
    dev: false

  /@firebase/database-types/0.7.2:
    resolution: {integrity: sha512-cdAd/dgwvC0r3oLEDUR+ULs1vBsEvy0b27nlzKhU6LQgm9fCDzgaH9nFGv8x+S9dly4B0egAXkONkVoWcOAisg==}
    dependencies:
      '@firebase/app-types': 0.6.2
    dev: false

  /@firebase/database/0.0.900-exp.894b5da5a_6fdbda69af13b37ed5ef59ff33f76d03:
    resolution: {integrity: sha512-TAH6fn/9PwfeZS8ju0h14QzK8GbXGxrcup8qSeymTyS3Tklzo7hEWvlricnsx0f0oYwtXbW3WZEnfc2BaQLgOg==}
    peerDependencies:
      '@firebase/app': 0.0.900-exp.894b5da5a
    dependencies:
      '@firebase/app': 0.0.900-exp.894b5da5a
      '@firebase/auth-interop-types': 0.1.5_@firebase+util@1.0.0
      '@firebase/component': 0.4.1
      '@firebase/database-types': 0.7.2
      '@firebase/logger': 0.2.6
      '@firebase/util': 1.0.0
      faye-websocket: 0.11.3
      tslib: 2.2.0
    transitivePeerDependencies:
      - '@firebase/app-types'
    dev: false

  /@firebase/firestore-compat/0.0.900-exp.894b5da5a_6fdbda69af13b37ed5ef59ff33f76d03:
    resolution: {integrity: sha512-CjT+5wp3jyJwUWI8hKhlg7WxpbLToHbBm9BF9BpihDY1j0IyJmBICC0LJEtXsib/IOPIsf04rxUiFHKX4ciOHg==}
    peerDependencies:
      '@firebase/app': 0.x
    dependencies:
      '@firebase/app': 0.0.900-exp.894b5da5a
      '@firebase/component': 0.4.1
      '@firebase/firestore': 0.0.900-exp.894b5da5a_6fdbda69af13b37ed5ef59ff33f76d03
      '@firebase/firestore-types': 2.2.0
      '@firebase/logger': 0.2.6
      '@firebase/util': 1.0.0
      '@firebase/webchannel-wrapper': 0.4.1
      '@grpc/grpc-js': 1.3.0
      '@grpc/proto-loader': 0.5.6
      node-fetch: 2.6.1
      tslib: 2.2.0
    transitivePeerDependencies:
      - '@firebase/app-types'
    dev: false

  /@firebase/firestore-types/2.2.0:
    resolution: {integrity: sha512-5kZZtQ32FIRJP1029dw+ZVNRCclKOErHv1+Xn0pw/5Fq3dxroA/ZyFHqDu+uV52AyWHhNLjCqX43ibm4YqOzRw==}
    peerDependencies:
      '@firebase/app-types': 0.x
    dev: false

  /@firebase/firestore/0.0.900-exp.894b5da5a_6fdbda69af13b37ed5ef59ff33f76d03:
    resolution: {integrity: sha512-aMCoGe1rN5ChmGgBU3GCqDWTG8GtbGrHq8wRmQGUrh90TDG4DX1ImF5xyJrymwST1juMk8kVtV1okvQ1zmPf8A==}
    engines: {node: ^8.13.0 || >=10.10.0}
    peerDependencies:
      '@firebase/app': 0.0.900-exp.894b5da5a
    dependencies:
      '@firebase/app': 0.0.900-exp.894b5da5a
      '@firebase/component': 0.4.1
      '@firebase/firestore-types': 2.2.0
      '@firebase/logger': 0.2.6
      '@firebase/util': 1.0.0
      '@firebase/webchannel-wrapper': 0.4.1
      '@grpc/grpc-js': 1.3.0
      '@grpc/proto-loader': 0.5.6
      node-fetch: 2.6.1
      tslib: 2.2.0
    transitivePeerDependencies:
      - '@firebase/app-types'
    dev: false

  /@firebase/functions-compat/0.0.900-exp.894b5da5a_6781e254b07e8e70c2f06575d5ebc550:
    resolution: {integrity: sha512-M57QEQ8TN12lYEMJZ3anaRGILJ59nOU4Xp6cCHsAbB5DkYLuxoHccvfZCzwmv95hEhF1mSvFPrZRJG9F3PVmZg==}
    peerDependencies:
      '@firebase/app-compat': 0.0.900-exp.894b5da5a
    dependencies:
      '@firebase/app-compat': 0.0.900-exp.894b5da5a
      '@firebase/component': 0.4.1
      '@firebase/functions': 0.0.900-exp.894b5da5a_6fdbda69af13b37ed5ef59ff33f76d03
      '@firebase/functions-types': 0.4.0
      '@firebase/messaging-types': 0.5.0
      '@firebase/util': 1.0.0
      tslib: 2.2.0
    transitivePeerDependencies:
      - '@firebase/app'
      - '@firebase/app-types'
    dev: false

  /@firebase/functions-types/0.4.0:
    resolution: {integrity: sha512-3KElyO3887HNxtxNF1ytGFrNmqD+hheqjwmT3sI09FaDCuaxGbOnsXAXH2eQ049XRXw9YQpHMgYws/aUNgXVyQ==}
    dev: false

  /@firebase/functions/0.0.900-exp.894b5da5a_6fdbda69af13b37ed5ef59ff33f76d03:
    resolution: {integrity: sha512-7094mgWbVsMLaeKalQkEVvaydS+l1f/gytFXYyz+qtazYvghsrQd+n5pJQBzbBVNHw2NAQrJxHrePCftw8u2jg==}
    peerDependencies:
      '@firebase/app': 0.0.900-exp.894b5da5a
    dependencies:
      '@firebase/app': 0.0.900-exp.894b5da5a
      '@firebase/component': 0.4.1
      '@firebase/messaging-types': 0.5.0
      '@firebase/util': 1.0.0
      node-fetch: 2.6.1
      tslib: 2.2.0
    transitivePeerDependencies:
      - '@firebase/app-types'
    dev: false

  /@firebase/installations/0.0.900-exp.894b5da5a_6fdbda69af13b37ed5ef59ff33f76d03:
    resolution: {integrity: sha512-mKjQq3etoZdZVCfUap+2tJgqS6AFHptg5HUBmUVGn+5Nz74i4n8M/M4W/qhXIjlnEcdLGop+5XaE9Tm03tbC7Q==}
    peerDependencies:
      '@firebase/app': 0.0.900-exp.894b5da5a
    dependencies:
      '@firebase/app': 0.0.900-exp.894b5da5a
      '@firebase/component': 0.4.1
      '@firebase/util': 1.0.0
      idb: 3.0.2
      tslib: 2.2.0
    dev: false

  /@firebase/logger/0.2.6:
    resolution: {integrity: sha512-KIxcUvW/cRGWlzK9Vd2KB864HlUnCfdTH0taHE0sXW5Xl7+W68suaeau1oKNEqmc3l45azkd4NzXTCWZRZdXrw==}
    dev: false

  /@firebase/messaging-compat/0.0.900-exp.894b5da5a_6781e254b07e8e70c2f06575d5ebc550:
    resolution: {integrity: sha512-LkkaK7KFj4xQhJS/ihFlHZfofgSYPWtHuCKv+vC8ANhl0BB4GMPU5huQ9sHLlQQxnmRViemXdphKNDceEnOzhQ==}
    peerDependencies:
      '@firebase/app-compat': 0.0.900-exp.894b5da5a
    dependencies:
      '@firebase/app-compat': 0.0.900-exp.894b5da5a
      '@firebase/component': 0.4.1
      '@firebase/installations': 0.0.900-exp.894b5da5a_6fdbda69af13b37ed5ef59ff33f76d03
      '@firebase/messaging': 0.0.900-exp.894b5da5a_6fdbda69af13b37ed5ef59ff33f76d03
      '@firebase/util': 1.0.0
      tslib: 2.2.0
    transitivePeerDependencies:
      - '@firebase/app'
    dev: false

  /@firebase/messaging-types/0.5.0:
    resolution: {integrity: sha512-QaaBswrU6umJYb/ZYvjR5JDSslCGOH6D9P136PhabFAHLTR4TWjsaACvbBXuvwrfCXu10DtcjMxqfhdNIB1Xfg==}
    peerDependencies:
      '@firebase/app-types': 0.x
    dev: false

  /@firebase/messaging/0.0.900-exp.894b5da5a_6fdbda69af13b37ed5ef59ff33f76d03:
    resolution: {integrity: sha512-Bvg5Fr0i9tkwYT+mANggr8IzGH+IoPR7u11ZWOp4Iwo3gVgH2Q2kaDHBxxaV07k33Vqs4xCGq+f5sc56yI9GUQ==}
    peerDependencies:
      '@firebase/app': 0.0.900-exp.894b5da5a
    dependencies:
      '@firebase/app': 0.0.900-exp.894b5da5a
      '@firebase/component': 0.4.1
      '@firebase/installations': 0.0.900-exp.894b5da5a_6fdbda69af13b37ed5ef59ff33f76d03
      '@firebase/util': 1.0.0
      idb: 3.0.2
      tslib: 2.2.0
    dev: false

  /@firebase/performance-compat/0.0.900-exp.894b5da5a_6781e254b07e8e70c2f06575d5ebc550:
    resolution: {integrity: sha512-x4MiVQNYin4h90IoGOYkgWFSwH40u3M0YOx+YlBp0l+cKO74s9Rm0DVVNjVz3DZPC3WI1QCT2ImYiszJhQgwTg==}
    peerDependencies:
      '@firebase/app-compat': 0.0.900-exp.894b5da5a
    dependencies:
      '@firebase/app-compat': 0.0.900-exp.894b5da5a
      '@firebase/component': 0.4.1
      '@firebase/logger': 0.2.6
      '@firebase/performance': 0.0.900-exp.894b5da5a_6fdbda69af13b37ed5ef59ff33f76d03
      '@firebase/performance-types': 0.0.13
      '@firebase/util': 1.0.0
      tslib: 2.2.0
    transitivePeerDependencies:
      - '@firebase/app'
    dev: false

  /@firebase/performance-types/0.0.13:
    resolution: {integrity: sha512-6fZfIGjQpwo9S5OzMpPyqgYAUZcFzZxHFqOyNtorDIgNXq33nlldTL/vtaUZA8iT9TT5cJlCrF/jthKU7X21EA==}
    dev: false

  /@firebase/performance/0.0.900-exp.894b5da5a_6fdbda69af13b37ed5ef59ff33f76d03:
    resolution: {integrity: sha512-AObB2165d+DDuCN1p0wzJisA6CPqnDeZKnFOcOuMsVnQjRCC1smIDomXoDcNCh+9nEkz6MrGPZnhGgN5OGzT1Q==}
    peerDependencies:
      '@firebase/app': 0.0.900-exp.894b5da5a
    dependencies:
      '@firebase/app': 0.0.900-exp.894b5da5a
      '@firebase/component': 0.4.1
      '@firebase/installations': 0.0.900-exp.894b5da5a_6fdbda69af13b37ed5ef59ff33f76d03
      '@firebase/logger': 0.2.6
      '@firebase/util': 1.0.0
      tslib: 2.2.0
    dev: false

  /@firebase/remote-config-compat/0.0.900-exp.894b5da5a_6781e254b07e8e70c2f06575d5ebc550:
    resolution: {integrity: sha512-o78QgpipoRG/XiuzIGGgVX1PZS6xF4FPaQXbANtE+qdNJUpVfBVk6WpzeDlRE4c1h/EAJJi3fL4RZRmyy/b/WQ==}
    peerDependencies:
      '@firebase/app-compat': 0.0.900-exp.894b5da5a
    dependencies:
      '@firebase/app-compat': 0.0.900-exp.894b5da5a
      '@firebase/component': 0.4.1
      '@firebase/logger': 0.2.6
      '@firebase/remote-config': 0.0.900-exp.894b5da5a_6fdbda69af13b37ed5ef59ff33f76d03
      '@firebase/remote-config-types': 0.1.9
      '@firebase/util': 1.0.0
      tslib: 2.2.0
    transitivePeerDependencies:
      - '@firebase/app'
    dev: false

  /@firebase/remote-config-types/0.1.9:
    resolution: {integrity: sha512-G96qnF3RYGbZsTRut7NBX0sxyczxt1uyCgXQuH/eAfUCngxjEGcZQnBdy6mvSdqdJh5mC31rWPO4v9/s7HwtzA==}
    dev: false

  /@firebase/remote-config/0.0.900-exp.894b5da5a_6fdbda69af13b37ed5ef59ff33f76d03:
    resolution: {integrity: sha512-+5rO3r8zLDufpt1VO6Urm4/YluAYkvITpwzGPA+vv7a+Bs5P+Et4Z1bleUjSdlqJAZMpGnx748+AZYXiVxBtgQ==}
    peerDependencies:
      '@firebase/app': 0.0.900-exp.894b5da5a
    dependencies:
      '@firebase/app': 0.0.900-exp.894b5da5a
      '@firebase/component': 0.4.1
      '@firebase/installations': 0.0.900-exp.894b5da5a_6fdbda69af13b37ed5ef59ff33f76d03
      '@firebase/logger': 0.2.6
      '@firebase/util': 1.0.0
      tslib: 2.2.0
    dev: false

  /@firebase/storage-compat/0.0.900-exp.894b5da5a_6fdbda69af13b37ed5ef59ff33f76d03:
    resolution: {integrity: sha512-cmMZzwxv0eTEjanXjt6tjGTAQ+MaZpmNtC0c5vG9ZZI53kCnyCtljfnAtIaCYdJvc4BMsXEsdm0shYQ7R8JTQw==}
    peerDependencies:
      '@firebase/app': 0.x
    dependencies:
      '@firebase/app': 0.0.900-exp.894b5da5a
      '@firebase/component': 0.4.1
      '@firebase/storage': 0.0.900-exp.894b5da5a_6fdbda69af13b37ed5ef59ff33f76d03
      '@firebase/storage-types': 0.4.0_@firebase+util@1.0.0
      '@firebase/util': 1.0.0
      tslib: 2.2.0
    transitivePeerDependencies:
      - '@firebase/app-types'
    dev: false

  /@firebase/storage-types/0.4.0_@firebase+util@1.0.0:
    resolution: {integrity: sha512-2xgiLGfDv6Fz5qRrsO47/7PfbV9P+5tEuvEktJYTNxrgTxGPj3sMb7ZkycIb4JE98fAbmGEeMQaRSorqR5bEIQ==}
    peerDependencies:
      '@firebase/app-types': 0.x
      '@firebase/util': 1.x
    dependencies:
      '@firebase/util': 1.0.0
    dev: false

  /@firebase/storage/0.0.900-exp.894b5da5a_6fdbda69af13b37ed5ef59ff33f76d03:
    resolution: {integrity: sha512-ECz2F9m3rUMutsnlx5Uv3mTQgXva5Q4PFNjkrE8c5d8VHfyl6dPxjBIbqK0Qi+QiFUfnWj7zyVyn5f9ADpIa8Q==}
    peerDependencies:
      '@firebase/app': 0.0.900-exp.894b5da5a
    dependencies:
      '@firebase/app': 0.0.900-exp.894b5da5a
      '@firebase/component': 0.4.1
      '@firebase/storage-types': 0.4.0_@firebase+util@1.0.0
      '@firebase/util': 1.0.0
      tslib: 2.2.0
    transitivePeerDependencies:
      - '@firebase/app-types'
    dev: false

  /@firebase/util/1.0.0:
    resolution: {integrity: sha512-KIEyuyrYKKtit+lAl66c2GVvooM1Pb+Yw/9yuSga1HKYMxNZwSsIMXU8X97sLZf7WJaanV1XNJEMkZTw3xKEoA==}
    dependencies:
      tslib: 2.2.0
    dev: false

  /@firebase/webchannel-wrapper/0.4.1:
    resolution: {integrity: sha512-0yPjzuzGMkW1GkrC8yWsiN7vt1OzkMIi9HgxRmKREZl2wnNPOKo/yScTjXf/O57HM8dltqxPF6jlNLFVtc2qdw==}
    dev: false

  /@grpc/grpc-js/1.3.0:
    resolution: {integrity: sha512-fiL7ZaGg2HBiFtmv6m34d5jEgEtNXfctjzB3f7b3iuT7olBX4mHLMOqOBmGTTSOTfNRQJH5+vsyk6mEz3I0Q7Q==}
    engines: {node: ^8.13.0 || >=10.10.0}
    dependencies:
      '@types/node': 15.0.2
    dev: false

  /@grpc/proto-loader/0.5.6:
    resolution: {integrity: sha512-DT14xgw3PSzPxwS13auTEwxhMMOoz33DPUKNtmYK/QYbBSpLXJy78FGGs5yVoxVobEqPm4iW9MOIoz0A3bLTRQ==}
    engines: {node: '>=6'}
    dependencies:
      lodash.camelcase: 4.3.0
      protobufjs: 6.11.2
    dev: false

  /@protobufjs/aspromise/1.1.2:
    resolution: {integrity: sha1-m4sMxmPWaafY9vXQiToU00jzD78=}
    dev: false

  /@protobufjs/base64/1.1.2:
    resolution: {integrity: sha512-AZkcAA5vnN/v4PDqKyMR5lx7hZttPDgClv83E//FMNhR2TMcLUhfRUBHCmSl0oi9zMgDDqRUJkSxO3wm85+XLg==}
    dev: false

  /@protobufjs/codegen/2.0.4:
    resolution: {integrity: sha512-YyFaikqM5sH0ziFZCN3xDC7zeGaB/d0IUb9CATugHWbd1FRFwWwt4ld4OYMPWu5a3Xe01mGAULCdqhMlPl29Jg==}
    dev: false

  /@protobufjs/eventemitter/1.1.0:
    resolution: {integrity: sha1-NVy8mLr61ZePntCV85diHx0Ga3A=}
    dev: false

  /@protobufjs/fetch/1.1.0:
    resolution: {integrity: sha1-upn7WYYUr2VwDBYZ/wbUVLDYTEU=}
    dependencies:
      '@protobufjs/aspromise': 1.1.2
      '@protobufjs/inquire': 1.1.0
    dev: false

  /@protobufjs/float/1.0.2:
    resolution: {integrity: sha1-Xp4avctz/Ap8uLKR33jIy9l7h9E=}
    dev: false

  /@protobufjs/inquire/1.1.0:
    resolution: {integrity: sha1-/yAOPnzyQp4tyvwRQIKOjMY48Ik=}
    dev: false

  /@protobufjs/path/1.1.2:
    resolution: {integrity: sha1-bMKyDFya1q0NzP0hynZz2Nf79o0=}
    dev: false

  /@protobufjs/pool/1.1.0:
    resolution: {integrity: sha1-Cf0V8tbTq/qbZbw2ZQbWrXhG/1Q=}
    dev: false

  /@protobufjs/utf8/1.1.0:
    resolution: {integrity: sha1-p3c2C1s5oaLlEG+OhY8v0tBgxXA=}
    dev: false

  /@types/long/4.0.1:
    resolution: {integrity: sha512-5tXH6Bx/kNGd3MgffdmP4dy2Z+G4eaXw0SE81Tq3BNadtnMR5/ySMzX4SLEzHJzSmPNn4HIdpQsBvXMUykr58w==}
    dev: false

  /@types/node/15.0.2:
    resolution: {integrity: sha512-p68+a+KoxpoB47015IeYZYRrdqMUcpbK8re/zpFB8Ld46LHC1lPEbp3EXgkEhAYEcPvjJF6ZO+869SQ0aH1dcA==}
    dev: false

  /@types/prop-types/15.7.3:
    resolution: {integrity: sha512-KfRL3PuHmqQLOG+2tGpRO26Ctg+Cq1E01D2DMriKEATHgWLfeNDmq9e29Q9WIky0dQ3NPkd1mzYH8Lm936Z9qw==}
    dev: true

  /@types/react/17.0.5:
    resolution: {integrity: sha512-bj4biDB9ZJmGAYTWSKJly6bMr4BLUiBrx9ujiJEoP9XIDY9CTaPGxE5QWN/1WjpPLzYF7/jRNnV2nNxNe970sw==}
    dependencies:
      '@types/prop-types': 15.7.3
      '@types/scheduler': 0.16.1
      csstype: 3.0.8
    dev: true

  /@types/scheduler/0.16.1:
    resolution: {integrity: sha512-EaCxbanVeyxDRTQBkdLb3Bvl/HK7PBK6UJjsSixB0iHKoWxE5uu2Q/DgtpOhPIojN0Zl1whvOd7PoHs2P0s5eA==}
    dev: true

  /@types/yoga-layout/1.9.2:
    resolution: {integrity: sha512-S9q47ByT2pPvD65IvrWp7qppVMpk9WGMbVq9wbWZOHg6tnXSD4vyhao6nOSBwwfDdV2p3Kx9evA9vI+XWTfDvw==}
    dev: false

  /ansi-escapes/4.3.2:
    resolution: {integrity: sha512-gKXj5ALrKWQLsYG9jlTRmR/xKluxHV+Z9QEwNIgCfM1/uwPMCuzVVnh5mwTd+OuBZcwSIMbqssNWRm1lE51QaQ==}
    engines: {node: '>=8'}
    dependencies:
      type-fest: 0.21.3
    dev: false

  /ansi-regex/4.1.0:
    resolution: {integrity: sha512-1apePfXM1UOSqw0o9IiFAovVz9M5S1Dg+4TrDwfMewQ6p/rmMueb7tWZjQ1rx4Loy1ArBggoqGpfqqdI4rondg==}
    engines: {node: '>=6'}
    dev: false

  /ansi-regex/5.0.0:
    resolution: {integrity: sha512-bY6fj56OUQ0hU1KjFNDQuJFezqKdrAyFdIevADiqrWHwSlbmBNMHp5ak2f40Pm8JTFyM2mqxkG6ngkHO11f/lg==}
    engines: {node: '>=8'}
    dev: false

  /ansi-styles/4.3.0:
    resolution: {integrity: sha512-zbB9rCJAT1rbjiVDb2hqKFHNYLxgtk8NURxZ3IZwD3F6NtxbXZQCnnSi1Lkx+IDohdPlFp222wVALIheZJQSEg==}
    engines: {node: '>=8'}
    dependencies:
      color-convert: 2.0.1
    dev: false

  /astral-regex/1.0.0:
    resolution: {integrity: sha512-+Ryf6g3BKoRc7jfp7ad8tM4TtMiaWvbF/1/sQcZPkkS7ag3D5nMBCe2UfOTONtAkaG0tO0ij3C5Lwmf1EiyjHg==}
    engines: {node: '>=4'}
    dev: false

  /astral-regex/2.0.0:
    resolution: {integrity: sha512-Z7tMw1ytTXt5jqMcOP+OQteU1VuNK9Y02uuJtKQ1Sv69jXQKKg5cibLwGJow8yzZP+eAc18EmLGPal0bp36rvQ==}
    engines: {node: '>=8'}
    dev: false

  /auto-bind/4.0.0:
    resolution: {integrity: sha512-Hdw8qdNiqdJ8LqT0iK0sVzkFbzg6fhnQqqfWhBDxcHZvU75+B+ayzTy8x+k5Ix0Y92XOhOUlx74ps+bA6BeYMQ==}
    engines: {node: '>=8'}
    dev: false

  /balanced-match/1.0.2:
    resolution: {integrity: sha512-3oSeUO0TMV67hN1AmbXsK4yaqU7tjiHlbxRDZOpH0KW9+CeX4bRAaX0Anxt0tx2MrpRpWwQaPwIlISEJhYU5Pw==}
    dev: false

  /brace-expansion/1.1.11:
    resolution: {integrity: sha512-iCuPHDFgrHX7H2vEI/5xpz07zSHB00TpugqhmYtVmMO6518mCuRMoOYFldEBl0g187ufozdaHgWKcYFb61qGiA==}
    dependencies:
      balanced-match: 1.0.2
      concat-map: 0.0.1
    dev: false

  /cac/6.7.3:
    resolution: {integrity: sha512-ECVqVZh74qgSuZG9YOt2OJPI3wGcf+EwwuF/XIOYqZBD0KZYLtgPWqFPxmDPQ6joxI1nOlvVgRV6VT53Ooyocg==}
    engines: {node: '>=8'}
    dev: false

  /chalk/4.1.1:
    resolution: {integrity: sha512-diHzdDKxcU+bAsUboHLPEDQiw0qEe0qd7SYUn3HgcFlWgbDcfLGswOHYeGrHKzG9z6UYf01d9VFMfZxPM1xZSg==}
    engines: {node: '>=10'}
    dependencies:
      ansi-styles: 4.3.0
      supports-color: 7.2.0
    dev: false

  /ci-info/2.0.0:
    resolution: {integrity: sha512-5tK7EtrZ0N+OLFMthtqOj4fI2Jeb88C4CAZPu25LDVUgXJ0A3Js4PMGqrn0JU1W0Mh1/Z8wZzYPxqUrXeBboCQ==}
    dev: false

  /cli-boxes/2.2.1:
    resolution: {integrity: sha512-y4coMcylgSCdVinjiDBuR8PCC2bLjyGTwEmPb9NHR/QaNU6EUOXcTY/s6VjGMD6ENSEaeQYHCY0GNGS5jfMwPw==}
    engines: {node: '>=6'}
    dev: false

  /cli-cursor/3.1.0:
    resolution: {integrity: sha512-I/zHAwsKf9FqGoXM4WWRACob9+SNukZTd94DWF57E4toouRulbCxcUh6RKUEOQlYTHJnzkPMySvPNaaSLNfLZw==}
    engines: {node: '>=8'}
    dependencies:
      restore-cursor: 3.1.0
    dev: false

  /cli-spinners/2.6.0:
    resolution: {integrity: sha512-t+4/y50K/+4xcCRosKkA7W4gTr1MySvLV0q+PxmG7FJ5g+66ChKurYjxBCjHggHH3HA5Hh9cy+lcUGWDqVH+4Q==}
    engines: {node: '>=6'}
    dev: false

  /cli-truncate/2.1.0:
    resolution: {integrity: sha512-n8fOixwDD6b/ObinzTrp1ZKFzbgvKZvuz/TvejnLn1aQfC6r52XEx85FmuC+3HI+JM7coBRXUvNqEU2PHVrHpg==}
    engines: {node: '>=8'}
    dependencies:
      slice-ansi: 3.0.0
      string-width: 4.2.2
    dev: false

  /code-excerpt/3.0.0:
    resolution: {integrity: sha512-VHNTVhd7KsLGOqfX3SyeO8RyYPMp1GJOg194VITk04WMYCv4plV68YWe6TJZxd9MhobjtpMRnVky01gqZsalaw==}
    engines: {node: '>=10'}
    dependencies:
      convert-to-spaces: 1.0.2
    dev: false

  /color-convert/2.0.1:
    resolution: {integrity: sha512-RRECPsj7iu/xb5oKYcsFHSppFNnsj/52OVTRKb4zP5onXwVF3zVmmToNcOfGC+CRDpfK/U584fMg38ZHCaElKQ==}
    engines: {node: '>=7.0.0'}
    dependencies:
      color-name: 1.1.4
    dev: false

  /color-name/1.1.4:
    resolution: {integrity: sha512-dOy+3AuW3a2wNbZHIuMZpTcgjGuLU/uBL/ubcZF9OXbDo8ff4O8yVp5Bf0efS8uEoYo5q4Fx7dY9OgQGXgAsQA==}
    dev: false

  /concat-map/0.0.1:
    resolution: {integrity: sha1-2Klr13/Wjfd5OnMDajug1UBdR3s=}
    dev: false

  /convert-to-spaces/1.0.2:
    resolution: {integrity: sha1-fj5Iu+bZl7FBfdyihoIEtNPYVxU=}
    engines: {node: '>= 4'}
    dev: false

  /core-util-is/1.0.2:
    resolution: {integrity: sha1-tf1UIgqivFq1eqtxQMlAdUUDwac=}
    dev: false

  /csstype/3.0.8:
    resolution: {integrity: sha512-jXKhWqXPmlUeoQnF/EhTtTl4C9SnrxSH/jZUih3jmO6lBKr99rP3/+FmrMj4EFpOXzMtXHAZkd3x0E6h6Fgflw==}
    dev: true

  /dom-storage/2.1.0:
    resolution: {integrity: sha512-g6RpyWXzl0RR6OTElHKBl7nwnK87GUyZMYC7JWsB/IA73vpqK2K6LT39x4VepLxlSsWBFrPVLnsSR5Jyty0+2Q==}
    dev: false

  /emoji-regex/8.0.0:
    resolution: {integrity: sha512-MSjYzcWNOA0ewAHpz0MxpYFvwg6yjy1NG3xteoqz644VCo/RPgnr1/GGt+ic3iJTzQ8Eu3TdM14SawnVUmGE6A==}
    dev: false

  /escape-string-regexp/2.0.0:
    resolution: {integrity: sha512-UpzcLCXolUWcNu5HtVMHYdXJjArjsF9C0aNnquZYY4uW/Vu0miy5YoWvbV345HauVvcAUnpRuhMMcqTcGOY2+w==}
    engines: {node: '>=8'}
    dev: false

  /faye-websocket/0.11.3:
    resolution: {integrity: sha512-D2y4bovYpzziGgbHYtGCMjlJM36vAl/y+xUyn1C+FVx8szd1E+86KwVw6XvYSzOP8iMpm1X0I4xJD+QtUb36OA==}
    engines: {node: '>=0.8.0'}
    dependencies:
      websocket-driver: 0.7.4
    dev: false

  /firebase/9.0.0-beta.1:
    resolution: {integrity: sha512-dYPrlGUi+JYqQIydE4LGZ7A2X5uFazwUNbAX0s7N1S34swvgp5Xz2ww63DB+hwjglF6eH+PiMGBDSZSG7hikUw==}
    dependencies:
      '@firebase/analytics': 0.0.900-exp.894b5da5a_6fdbda69af13b37ed5ef59ff33f76d03
      '@firebase/analytics-compat': 0.0.900-exp.894b5da5a_6781e254b07e8e70c2f06575d5ebc550
      '@firebase/app': 0.0.900-exp.894b5da5a
      '@firebase/app-compat': 0.0.900-exp.894b5da5a
      '@firebase/auth': 0.0.900-exp.894b5da5a_6fdbda69af13b37ed5ef59ff33f76d03
      '@firebase/auth-compat': 0.0.900-exp.894b5da5a_6781e254b07e8e70c2f06575d5ebc550
      '@firebase/database': 0.0.900-exp.894b5da5a_6fdbda69af13b37ed5ef59ff33f76d03
      '@firebase/database-compat': 0.0.900-exp.894b5da5a_6fdbda69af13b37ed5ef59ff33f76d03
      '@firebase/firestore': 0.0.900-exp.894b5da5a_6fdbda69af13b37ed5ef59ff33f76d03
      '@firebase/firestore-compat': 0.0.900-exp.894b5da5a_6fdbda69af13b37ed5ef59ff33f76d03
      '@firebase/functions': 0.0.900-exp.894b5da5a_6fdbda69af13b37ed5ef59ff33f76d03
      '@firebase/functions-compat': 0.0.900-exp.894b5da5a_6781e254b07e8e70c2f06575d5ebc550
      '@firebase/messaging': 0.0.900-exp.894b5da5a_6fdbda69af13b37ed5ef59ff33f76d03
      '@firebase/messaging-compat': 0.0.900-exp.894b5da5a_6781e254b07e8e70c2f06575d5ebc550
      '@firebase/performance': 0.0.900-exp.894b5da5a_6fdbda69af13b37ed5ef59ff33f76d03
      '@firebase/performance-compat': 0.0.900-exp.894b5da5a_6781e254b07e8e70c2f06575d5ebc550
      '@firebase/remote-config': 0.0.900-exp.894b5da5a_6fdbda69af13b37ed5ef59ff33f76d03
      '@firebase/remote-config-compat': 0.0.900-exp.894b5da5a_6781e254b07e8e70c2f06575d5ebc550
      '@firebase/storage': 0.0.900-exp.894b5da5a_6fdbda69af13b37ed5ef59ff33f76d03
      '@firebase/storage-compat': 0.0.900-exp.894b5da5a_6fdbda69af13b37ed5ef59ff33f76d03
    transitivePeerDependencies:
      - '@firebase/app-types'
      - bufferutil
      - utf-8-validate
    dev: false

  /fs.realpath/1.0.0:
    resolution: {integrity: sha1-FQStJSMVjKpA20onh8sBQRmU6k8=}
    dev: false

  /glob/7.1.7:
    resolution: {integrity: sha512-OvD9ENzPLbegENnYP5UUfJIirTg4+XwMWGaQfQTY0JenxNvvIKP3U3/tAQSPIu/lHxXYSZmpXlUHeqAIdKzBLQ==}
    dependencies:
      fs.realpath: 1.0.0
      inflight: 1.0.6
      inherits: 2.0.4
      minimatch: 3.0.4
      once: 1.4.0
      path-is-absolute: 1.0.1
    dev: false

  /has-flag/4.0.0:
    resolution: {integrity: sha512-EykJT/Q1KjTWctppgIAgfSO0tKVuZUjhgMr17kqTumMl6Afv3EISleU7qZUzoXDFTAHTDC4NOoG/ZxU3EvlMPQ==}
    engines: {node: '>=8'}
    dev: false

  /http-parser-js/0.5.3:
    resolution: {integrity: sha512-t7hjvef/5HEK7RWTdUzVUhl8zkEu+LlaE0IYzdMuvbSDipxBRpOn4Uhw8ZyECEa808iVT8XCjzo6xmYt4CiLZg==}
    dev: false

  /idb/3.0.2:
    resolution: {integrity: sha512-+FLa/0sTXqyux0o6C+i2lOR0VoS60LU/jzUo5xjfY6+7sEEgy4Gz1O7yFBXvjd7N0NyIGWIRg8DcQSLEG+VSPw==}
    dev: false

  /immediate/3.0.6:
    resolution: {integrity: sha1-nbHb0Pr43m++D13V5Wu2BigN5ps=}
    dev: false

  /indent-string/4.0.0:
    resolution: {integrity: sha512-EdDDZu4A2OyIK7Lr/2zG+w5jmbuk1DVBnEwREQvBzspBJkCEbRa8GxU1lghYcaGJCnRWibjDXlq779X1/y5xwg==}
    engines: {node: '>=8'}
    dev: false

  /inflight/1.0.6:
    resolution: {integrity: sha1-Sb1jMdfQLQwJvJEKEHW6gWW1bfk=}
    dependencies:
      once: 1.4.0
      wrappy: 1.0.2
    dev: false

  /inherits/2.0.4:
    resolution: {integrity: sha512-k/vGaX4/Yla3WzyMCvTQOXYeIHvqOKtnqBduzTHpzpQZzAskKMhZ2K+EnBiSM9zGSoIFeMpXKxa4dYeZIQqewQ==}
    dev: false

  /ink-spinner/4.0.2_ink@3.0.8+react@17.0.2:
    resolution: {integrity: sha512-vQGmhWUEh3IG1IxK1Hl2w6RfH6aaRIJWw9lrG8CvFFyrQ23UpJ8GClJs5/sFBxkNvsrrK9sKNEGlGnsqTYiUww==}
    engines: {node: '>=10'}
    peerDependencies:
      ink: '>=3.0.5'
      react: '>=16.8.2'
    dependencies:
      cli-spinners: 2.6.0
      ink: 3.0.8_react@17.0.2
      react: 17.0.2
    dev: false

  /ink-text-input/4.0.1_ink@3.0.8+react@17.0.2:
    resolution: {integrity: sha512-wiqkrB2tgnCnv51r2LpNLVfgrd/V+UXF3ccry+/Q7on9CBt8LVavX6NDYRMdXljuM+CcFV/sVro0bCr5oxB05w==}
    engines: {node: '>=10'}
    peerDependencies:
      ink: ^3.0.0-3
      react: ^16.5.2
    dependencies:
      chalk: 4.1.1
      ink: 3.0.8_react@17.0.2
      react: 17.0.2
      type-fest: 0.15.1
    dev: false

  /ink/3.0.8_react@17.0.2:
    resolution: {integrity: sha512-ubMFylXYaG4IkXQVhPautbhV/p6Lo0GlvAMI/jh8cGJQ39yeznJbaTTJP2CqZXezA4GOHzalpwCWqux/NEY38w==}
    engines: {node: '>=10'}
    peerDependencies:
      '@types/react': '>=16.8.0'
      react: '>=16.8.0'
    peerDependenciesMeta:
      '@types/react':
        optional: true
    dependencies:
      ansi-escapes: 4.3.2
      auto-bind: 4.0.0
      chalk: 4.1.1
      cli-boxes: 2.2.1
      cli-cursor: 3.1.0
      cli-truncate: 2.1.0
      code-excerpt: 3.0.0
      indent-string: 4.0.0
      is-ci: 2.0.0
      lodash: 4.17.21
      patch-console: 1.0.0
      react: 17.0.2
      react-devtools-core: 4.13.2
      react-reconciler: 0.24.0_react@17.0.2
      scheduler: 0.18.0
      signal-exit: 3.0.3
      slice-ansi: 3.0.0
      stack-utils: 2.0.3
      string-length: 3.1.0
      type-fest: 0.12.0
      widest-line: 3.1.0
      wrap-ansi: 6.2.0
      ws: 7.4.5
      yoga-layout-prebuilt: 1.10.0
    transitivePeerDependencies:
      - bufferutil
      - utf-8-validate
    dev: false

  /is-ci/2.0.0:
    resolution: {integrity: sha512-YfJT7rkpQB0updsdHLGWrvhBJfcfzNNawYDNIyQXJz0IViGf75O8EBPKSdvw2rF+LGCsX4FZ8tcr3b19LcZq4w==}
    hasBin: true
    dependencies:
      ci-info: 2.0.0
    dev: false

  /is-fullwidth-code-point/3.0.0:
    resolution: {integrity: sha512-zymm5+u+sCsSWyD9qNaejV3DFvhCKclKdizYaJUuHA83RLjb7nSuGnddCHGv0hk+KY7BMAlsWeK4Ueg6EV6XQg==}
    engines: {node: '>=8'}
    dev: false

  /isarray/1.0.0:
    resolution: {integrity: sha1-u5NdSFgsuhaMBoNJV6VKPgcSTxE=}
    dev: false

  /js-tokens/4.0.0:
    resolution: {integrity: sha512-RdJUflcE3cUzKiMqQgsCu06FPu9UdIJO0beYbPhHN4k6apgJtifcoCtT9bcxOpYBtpD2kCM6Sbzg4CausW/PKQ==}
    dev: false

  /jszip/3.6.0:
    resolution: {integrity: sha512-jgnQoG9LKnWO3mnVNBnfhkh0QknICd1FGSrXcgrl67zioyJ4wgx25o9ZqwNtrROSflGBCGYnJfjrIyRIby1OoQ==}
    dependencies:
      lie: 3.3.0
      pako: 1.0.11
      readable-stream: 2.3.7
      set-immediate-shim: 1.0.1
    dev: false

  /lie/3.3.0:
    resolution: {integrity: sha512-UaiMJzeWRlEujzAuw5LokY1L5ecNQYZKfmyZ9L7wDHb/p5etKaxXhohBcrw0EYby+G/NA52vRSN4N39dxHAIwQ==}
    dependencies:
      immediate: 3.0.6
    dev: false

  /lodash.camelcase/4.3.0:
    resolution: {integrity: sha1-soqmKIorn8ZRA1x3EfZathkDMaY=}
    dev: false

  /lodash/4.17.21:
    resolution: {integrity: sha512-v2kDEe57lecTulaDIuNTPy3Ry4gLGJ6Z1O3vE1krgXZNrsQ+LFTGHVxVjcXPs17LhbZVGedAJv8XZ1tvj5FvSg==}
    dev: false

  /long/4.0.0:
    resolution: {integrity: sha512-XsP+KhQif4bjX1kbuSiySJFNAehNxgLb6hPRGJ9QsUr8ajHkuXGdrHmFUTUUXhDwVX2R5bY4JNZEwbUiMhV+MA==}
    dev: false

  /loose-envify/1.4.0:
    resolution: {integrity: sha512-lyuxPGr/Wfhrlem2CL/UcnUc1zcqKAImBDzukY7Y5F/yQiNdko6+fRLevlw1HgMySw7f611UIY408EtxRSoK3Q==}
    hasBin: true
    dependencies:
      js-tokens: 4.0.0
    dev: false

  /mimic-fn/2.1.0:
    resolution: {integrity: sha512-OqbOk5oEQeAZ8WXWydlu9HJjz9WVdEIvamMCcXmuqUYjTknH/sqsWvhQ3vgwKFRR1HpjvNBKQ37nbJgYzGqGcg==}
    engines: {node: '>=6'}
    dev: false

  /minimatch/3.0.4:
    resolution: {integrity: sha512-yJHVQEhyqPLUTgt9B83PXu6W3rx4MvvHvSUvToogpwoGDOUQ+yDrR0HRot+yOCdCO7u4hX3pWft6kWBBcqh0UA==}
    dependencies:
      brace-expansion: 1.1.11
    dev: false

  /node-fetch/2.6.1:
    resolution: {integrity: sha512-V4aYg89jEoVRxRb2fJdAg8FHvI7cEyYdVAh94HH0UIK8oJxUfkjlDQN9RbMx+bEjP7+ggMiFRprSti032Oipxw==}
    engines: {node: 4.x || >=6.0.0}
    dev: false

  /object-assign/4.1.1:
    resolution: {integrity: sha1-IQmtx5ZYh8/AXLvUQsrIv7s2CGM=}
    engines: {node: '>=0.10.0'}
    dev: false

  /once/1.4.0:
    resolution: {integrity: sha1-WDsap3WWHUsROsF9nFC6753Xa9E=}
    dependencies:
      wrappy: 1.0.2
    dev: false

  /onetime/5.1.2:
    resolution: {integrity: sha512-kbpaSSGJTWdAY5KPVeMOKXSrPtr8C8C7wodJbcsd51jRnmD+GZu8Y0VoU6Dm5Z4vWr0Ig/1NKuWRKf7j5aaYSg==}
    engines: {node: '>=6'}
    dependencies:
      mimic-fn: 2.1.0
    dev: false

  /pako/1.0.11:
    resolution: {integrity: sha512-4hLB8Py4zZce5s4yd9XzopqwVv/yGNhV1Bl8NTmCq1763HeK2+EwVTv+leGeL13Dnh2wfbqowVPXCIO0z4taYw==}
    dev: false

  /patch-console/1.0.0:
    resolution: {integrity: sha512-nxl9nrnLQmh64iTzMfyylSlRozL7kAXIaxw1fVcLYdyhNkJCRUzirRZTikXGJsg+hc4fqpneTK6iU2H1Q8THSA==}
    engines: {node: '>=10'}
    dev: false

  /path-is-absolute/1.0.1:
    resolution: {integrity: sha1-F0uSaHNVNP+8es5r9TpanhtcX18=}
    engines: {node: '>=0.10.0'}
    dev: false

  /process-nextick-args/2.0.1:
    resolution: {integrity: sha512-3ouUOpQhtgrbOa17J7+uxOTpITYWaGP7/AhoR3+A+/1e9skrzelGi/dXzEYyvbxubEF6Wn2ypscTKiKJFFn1ag==}
    dev: false

  /prop-types/15.7.2:
    resolution: {integrity: sha512-8QQikdH7//R2vurIJSutZ1smHYTcLpRWEOlHnzcWHmBYrOGUysKwSsrC89BCiFj3CbrfJ/nXFdJepOVrY1GCHQ==}
    dependencies:
      loose-envify: 1.4.0
      object-assign: 4.1.1
      react-is: 16.13.1
    dev: false

  /protobufjs/6.11.2:
    resolution: {integrity: sha512-4BQJoPooKJl2G9j3XftkIXjoC9C0Av2NOrWmbLWT1vH32GcSUHjM0Arra6UfTsVyfMAuFzaLucXn1sadxJydAw==}
    hasBin: true
    requiresBuild: true
    dependencies:
      '@protobufjs/aspromise': 1.1.2
      '@protobufjs/base64': 1.1.2
      '@protobufjs/codegen': 2.0.4
      '@protobufjs/eventemitter': 1.1.0
      '@protobufjs/fetch': 1.1.0
      '@protobufjs/float': 1.0.2
      '@protobufjs/inquire': 1.1.0
      '@protobufjs/path': 1.1.2
      '@protobufjs/pool': 1.1.0
      '@protobufjs/utf8': 1.1.0
      '@types/long': 4.0.1
      '@types/node': 15.0.2
      long: 4.0.0
    dev: false

  /react-devtools-core/4.13.2:
    resolution: {integrity: sha512-/lA5FVLMhUHrkQwtEf5wZNCKsXmc2RBZMNS/kkq3WlXPg2Y7COUGMh0Lmz34jjMpM0kvLMDuj+DqsPT/jSADbw==}
    dependencies:
      shell-quote: 1.7.2
      ws: 7.4.5
    transitivePeerDependencies:
      - bufferutil
      - utf-8-validate
    dev: false

  /react-is/16.13.1:
    resolution: {integrity: sha512-24e6ynE2H+OKt4kqsOvNd8kBpV65zoxbA4BVsEOB3ARVWQki/DHzaUoC5KuON/BiccDaCCTZBuOcfZs70kR8bQ==}
    dev: false

  /react-reconciler/0.24.0_react@17.0.2:
    resolution: {integrity: sha512-gAGnwWkf+NOTig9oOowqid9O0HjTDC+XVGBCAmJYYJ2A2cN/O4gDdIuuUQjv8A4v6GDwVfJkagpBBLW5OW9HSw==}
    engines: {node: '>=0.10.0'}
    peerDependencies:
      react: ^16.0.0
    dependencies:
      loose-envify: 1.4.0
      object-assign: 4.1.1
      prop-types: 15.7.2
      react: 17.0.2
      scheduler: 0.18.0
    dev: false

  /react/17.0.2:
    resolution: {integrity: sha512-gnhPt75i/dq/z3/6q/0asP78D0u592D5L1pd7M8P+dck6Fu/jJeL6iVVK23fptSUZj8Vjf++7wXA8UNclGQcbA==}
    engines: {node: '>=0.10.0'}
    dependencies:
      loose-envify: 1.4.0
      object-assign: 4.1.1
    dev: false

  /readable-stream/2.3.7:
    resolution: {integrity: sha512-Ebho8K4jIbHAxnuxi7o42OrZgF/ZTNcsZj6nRKyUmkhLFq8CHItp/fy6hQZuZmP/n3yZ9VBUbp4zz/mX8hmYPw==}
    dependencies:
      core-util-is: 1.0.2
      inherits: 2.0.4
      isarray: 1.0.0
      process-nextick-args: 2.0.1
      safe-buffer: 5.1.2
      string_decoder: 1.1.1
      util-deprecate: 1.0.2
    dev: false

  /restore-cursor/3.1.0:
    resolution: {integrity: sha512-l+sSefzHpj5qimhFSE5a8nufZYAM3sBSVMAPtYkmC+4EH2anSGaEMXSD0izRQbu9nfyQ9y5JrVmp7E8oZrUjvA==}
    engines: {node: '>=8'}
    dependencies:
      onetime: 5.1.2
      signal-exit: 3.0.3
    dev: false

  /rimraf/2.7.1:
    resolution: {integrity: sha512-uWjbaKIK3T1OSVptzX7Nl6PvQ3qAGtKEtVRjRuazjfL3Bx5eI409VZSqgND+4UNnmzLVdPj9FqFJNPqBZFve4w==}
    hasBin: true
    dependencies:
      glob: 7.1.7
    dev: false

  /rimraf/3.0.2:
    resolution: {integrity: sha512-JZkJMZkAGFFPP2YqXZXPbMlMBgsxzE8ILs4lMIX/2o0L9UBw9O/Y3o6wFw/i9YLapcUJWwqbi3kdxIPdC62TIA==}
    hasBin: true
    dependencies:
      glob: 7.1.7
    dev: false

  /safe-buffer/5.1.2:
    resolution: {integrity: sha512-Gd2UZBJDkXlY7GbJxfsE8/nvKkUEU1G38c1siN6QP6a9PT9MmHB8GnpscSmMJSoF8LOIrt8ud/wPtojys4G6+g==}
    dev: false

  /safe-buffer/5.2.1:
    resolution: {integrity: sha512-rp3So07KcdmmKbGvgaNxQSJr7bGVSVk5S9Eq1F+ppbRo70+YeaDxkw5Dd8NPN+GD6bjnYm2VuPuCXmpuYvmCXQ==}
    dev: false

  /scheduler/0.18.0:
    resolution: {integrity: sha512-agTSHR1Nbfi6ulI0kYNK0203joW2Y5W4po4l+v03tOoiJKpTBbxpNhWDvqc/4IcOw+KLmSiQLTasZ4cab2/UWQ==}
    dependencies:
      loose-envify: 1.4.0
      object-assign: 4.1.1
    dev: false

  /selenium-webdriver/4.0.0-beta.1:
    resolution: {integrity: sha512-DJ10z6Yk+ZBaLrt1CLElytQ/FOayx29ANKDtmtyW1A6kCJx3+dsc5fFMOZxwzukDniyYsC3OObT5pUAsgkjpxQ==}
    engines: {node: '>= 10.15.0'}
    dependencies:
      jszip: 3.6.0
      rimraf: 2.7.1
      tmp: 0.2.1
      ws: 7.4.5
    transitivePeerDependencies:
      - bufferutil
      - utf-8-validate
    dev: false

  /selenium-webdriver/4.0.0-beta.3:
    resolution: {integrity: sha512-R0mGHpQkSKgIWiPgcKDcckh4A6aaK0KTyWxs5ieuiI7zsXQ+Kb6neph+dNoeqq3jSBGyv3ONo2w3oohoL4D/Rg==}
    engines: {node: '>= 10.15.0'}
    dependencies:
      jszip: 3.6.0
      rimraf: 2.7.1
      tmp: 0.2.1
      ws: 7.4.5
    transitivePeerDependencies:
      - bufferutil
      - utf-8-validate
    dev: false

  /set-immediate-shim/1.0.1:
    resolution: {integrity: sha1-SysbJ+uAip+NzEgaWOXlb1mfP2E=}
    engines: {node: '>=0.10.0'}
    dev: false

  /shell-quote/1.7.2:
    resolution: {integrity: sha512-mRz/m/JVscCrkMyPqHc/bczi3OQHkLTqXHEFu0zDhK/qfv3UcOA4SVmRCLmos4bhjr9ekVQubj/R7waKapmiQg==}
    dev: false

  /signal-exit/3.0.3:
    resolution: {integrity: sha512-VUJ49FC8U1OxwZLxIbTTrDvLnf/6TDgxZcK8wxR8zs13xpx7xbG60ndBlhNrFi2EMuFRoeDoJO7wthSLq42EjA==}
    dev: false

  /slice-ansi/3.0.0:
    resolution: {integrity: sha512-pSyv7bSTC7ig9Dcgbw9AuRNUb5k5V6oDudjZoMBSr13qpLBG7tB+zgCkARjq7xIUgdz5P1Qe8u+rSGdouOOIyQ==}
    engines: {node: '>=8'}
    dependencies:
      ansi-styles: 4.3.0
      astral-regex: 2.0.0
      is-fullwidth-code-point: 3.0.0
    dev: false

  /stack-utils/2.0.3:
    resolution: {integrity: sha512-gL//fkxfWUsIlFL2Tl42Cl6+HFALEaB1FU76I/Fy+oZjRreP7OPMXFlGbxM7NQsI0ZpUfw76sHnv0WNYuTb7Iw==}
    engines: {node: '>=10'}
    dependencies:
      escape-string-regexp: 2.0.0
    dev: false

  /string-length/3.1.0:
    resolution: {integrity: sha512-Ttp5YvkGm5v9Ijagtaz1BnN+k9ObpvS0eIBblPMp2YWL8FBmi9qblQ9fexc2k/CXFgrTIteU3jAw3payCnwSTA==}
    engines: {node: '>=8'}
    dependencies:
      astral-regex: 1.0.0
      strip-ansi: 5.2.0
    dev: false

  /string-width/4.2.2:
    resolution: {integrity: sha512-XBJbT3N4JhVumXE0eoLU9DCjcaF92KLNqTmFCnG1pf8duUxFGwtP6AD6nkjw9a3IdiRtL3E2w3JDiE/xi3vOeA==}
    engines: {node: '>=8'}
    dependencies:
      emoji-regex: 8.0.0
      is-fullwidth-code-point: 3.0.0
      strip-ansi: 6.0.0
    dev: false

  /string_decoder/1.1.1:
    resolution: {integrity: sha512-n/ShnvDi6FHbbVfviro+WojiFzv+s8MPMHBczVePfUpDJLwoLT0ht1l4YwBCbi8pJAveEEdnkHyPyTP/mzRfwg==}
    dependencies:
      safe-buffer: 5.1.2
    dev: false

  /strip-ansi/5.2.0:
    resolution: {integrity: sha512-DuRs1gKbBqsMKIZlrffwlug8MHkcnpjs5VPmL1PAh+mA30U0DTotfDZ0d2UUsXpPmPmMMJ6W773MaA3J+lbiWA==}
    engines: {node: '>=6'}
    dependencies:
      ansi-regex: 4.1.0
    dev: false

  /strip-ansi/6.0.0:
    resolution: {integrity: sha512-AuvKTrTfQNYNIctbR1K/YGTR1756GycPsg7b9bdV9Duqur4gv6aKqHXah67Z8ImS7WEz5QVcOtlfW2rZEugt6w==}
    engines: {node: '>=8'}
    dependencies:
      ansi-regex: 5.0.0
    dev: false

  /supports-color/7.2.0:
    resolution: {integrity: sha512-qpCAvRl9stuOHveKsn7HncJRvv501qIacKzQlO/+Lwxc9+0q2wLyv4Dfvt80/DPn2pqOBsJdDiogXGR9+OvwRw==}
    engines: {node: '>=8'}
    dependencies:
      has-flag: 4.0.0
    dev: false

  /tmp/0.2.1:
    resolution: {integrity: sha512-76SUhtfqR2Ijn+xllcI5P1oyannHNHByD80W1q447gU3mp9G9PSpGdWmjUOHRDPiHYacIk66W7ubDTuPF3BEtQ==}
    engines: {node: '>=8.17.0'}
    dependencies:
      rimraf: 3.0.2
    dev: false

  /tslib/2.2.0:
    resolution: {integrity: sha512-gS9GVHRU+RGn5KQM2rllAlR3dU6m7AcpJKdtH8gFvQiC4Otgk98XnmMU+nZenHt/+VhnBPWwgrJsyrdcw6i23w==}
    dev: false

  /type-fest/0.12.0:
    resolution: {integrity: sha512-53RyidyjvkGpnWPMF9bQgFtWp+Sl8O2Rp13VavmJgfAP9WWG6q6TkrKU8iyJdnwnfgHI6k2hTlgqH4aSdjoTbg==}
    engines: {node: '>=10'}
    dev: false

  /type-fest/0.15.1:
    resolution: {integrity: sha512-n+UXrN8i5ioo7kqT/nF8xsEzLaqFra7k32SEsSPwvXVGyAcRgV/FUQN/sgfptJTR1oRmmq7z4IXMFSM7im7C9A==}
    engines: {node: '>=10'}
    dev: false

  /type-fest/0.21.3:
    resolution: {integrity: sha512-t0rzBq87m3fVcduHDUFhKmyyX+9eo6WQjZvf51Ea/M0Q7+T374Jp1aUiyUl0GKxp8M/OETVHSDvmkyPgvX+X2w==}
    engines: {node: '>=10'}
    dev: false

  /util-deprecate/1.0.2:
    resolution: {integrity: sha1-RQ1Nyfpw3nMnYvvS1KKJgUGaDM8=}
    dev: false

  /websocket-driver/0.7.4:
    resolution: {integrity: sha512-b17KeDIQVjvb0ssuSDF2cYXSg2iztliJ4B9WdsuB6J952qCPKmnVq4DyW5motImXHDC1cBT/1UezrJVsKw5zjg==}
    engines: {node: '>=0.8.0'}
    dependencies:
      http-parser-js: 0.5.3
      safe-buffer: 5.2.1
      websocket-extensions: 0.1.4
    dev: false

  /websocket-extensions/0.1.4:
    resolution: {integrity: sha512-OqedPIGOfsDlo31UNwYbCFMSaO9m9G/0faIHj5/dZFDMFqPTcx6UwqyOy3COEaEOg/9VsGIpdqn62W5KhoKSpg==}
    engines: {node: '>=0.8.0'}
    dev: false

  /widest-line/3.1.0:
    resolution: {integrity: sha512-NsmoXalsWVDMGupxZ5R08ka9flZjjiLvHVAWYOKtiKM8ujtZWr9cRffak+uSE48+Ob8ObalXpwyeUiyDD6QFgg==}
    engines: {node: '>=8'}
    dependencies:
      string-width: 4.2.2
    dev: false

  /wrap-ansi/6.2.0:
    resolution: {integrity: sha512-r6lPcBGxZXlIcymEu7InxDMhdW0KDxpLgoFLcguasxCaJ/SOIZwINatK9KY/tf+ZrlywOKU0UDj3ATXUBfxJXA==}
    engines: {node: '>=8'}
    dependencies:
      ansi-styles: 4.3.0
      string-width: 4.2.2
      strip-ansi: 6.0.0
    dev: false

  /wrappy/1.0.2:
    resolution: {integrity: sha1-tSQ9jz7BqjXxNkYFvA0QNuMKtp8=}
    dev: false

  /ws/7.4.5:
    resolution: {integrity: sha512-xzyu3hFvomRfXKH8vOFMU3OguG6oOvhXMo3xsGy3xWExqaM2dxBbVxuD99O7m3ZUFMvvscsZDqxfgMaRr/Nr1g==}
    engines: {node: '>=8.3.0'}
    peerDependencies:
      bufferutil: ^4.0.1
      utf-8-validate: ^5.0.2
    peerDependenciesMeta:
      bufferutil:
        optional: true
      utf-8-validate:
        optional: true
    dev: false

  /xmlhttprequest/1.8.0:
    resolution: {integrity: sha1-Z/4HXFwk/vOfnWX197f+dRcZaPw=}
    engines: {node: '>=0.4.0'}
    dev: false

  /yoga-layout-prebuilt/1.10.0:
    resolution: {integrity: sha512-YnOmtSbv4MTf7RGJMK0FvZ+KD8OEe/J5BNnR0GHhD8J/XcG/Qvxgszm0Un6FTHWW4uHlTgP0IztiXQnGyIR45g==}
    engines: {node: '>=8'}
    dependencies:
      '@types/yoga-layout': 1.9.2
    dev: false
